// !$*UTF8*$!
{
	archiveVersion = 1;
	classes = {
	};
	objectVersion = 46;
	objects = {

/* Begin PBXAggregateTarget section */
		066ED2331CF82085009B6454 /* SDBaseRequestAggregate */ = {
			isa = PBXAggregateTarget;
			buildConfigurationList = 066ED2341CF82086009B6454 /* Build configuration list for PBXAggregateTarget "SDBaseRequestAggregate" */;
			buildPhases = (
				066ED2371CF820AC009B6454 /* ShellScript */,
			);
			dependencies = (
			);
			name = SDBaseRequestAggregate;
			productName = SDBaseRequestAggregate;
		};
/* End PBXAggregateTarget section */

/* Begin PBXBuildFile section */
		066ED20C1CF81FB1009B6454 /* SDBaseRequest.h in Headers */ = {isa = PBXBuildFile; fileRef = 066ED20B1CF81FB1009B6454 /* SDBaseRequest.h */; settings = {ATTRIBUTES = (Public, ); }; };
		066ED2231CF82023009B6454 /* SDBaseResponse.h in Headers */ = {isa = PBXBuildFile; fileRef = 066ED2131CF82023009B6454 /* SDBaseResponse.h */; };
		066ED2241CF82023009B6454 /* SDBaseResponse.m in Sources */ = {isa = PBXBuildFile; fileRef = 066ED2141CF82023009B6454 /* SDBaseResponse.m */; };
		066ED2251CF82023009B6454 /* SDForgetPasswordAPI.h in Headers */ = {isa = PBXBuildFile; fileRef = 066ED2151CF82023009B6454 /* SDForgetPasswordAPI.h */; };
		066ED2261CF82023009B6454 /* SDForgetPasswordAPI.m in Sources */ = {isa = PBXBuildFile; fileRef = 066ED2161CF82023009B6454 /* SDForgetPasswordAPI.m */; };
		066ED2271CF82023009B6454 /* SDLoginAPI.h in Headers */ = {isa = PBXBuildFile; fileRef = 066ED2171CF82023009B6454 /* SDLoginAPI.h */; };
		066ED2281CF82023009B6454 /* SDLoginAPI.m in Sources */ = {isa = PBXBuildFile; fileRef = 066ED2181CF82023009B6454 /* SDLoginAPI.m */; };
		066ED2291CF82023009B6454 /* SDRegisterAPI.h in Headers */ = {isa = PBXBuildFile; fileRef = 066ED2191CF82023009B6454 /* SDRegisterAPI.h */; };
		066ED22A1CF82023009B6454 /* SDRegisterAPI.m in Sources */ = {isa = PBXBuildFile; fileRef = 066ED21A1CF82023009B6454 /* SDRegisterAPI.m */; };
		066ED22B1CF82023009B6454 /* SDResetPasswordAPI.h in Headers */ = {isa = PBXBuildFile; fileRef = 066ED21B1CF82023009B6454 /* SDResetPasswordAPI.h */; };
		066ED22C1CF82023009B6454 /* SDResetPasswordAPI.m in Sources */ = {isa = PBXBuildFile; fileRef = 066ED21C1CF82023009B6454 /* SDResetPasswordAPI.m */; };
		066ED22D1CF82023009B6454 /* SDSendCodeAPI.h in Headers */ = {isa = PBXBuildFile; fileRef = 066ED21D1CF82023009B6454 /* SDSendCodeAPI.h */; };
		066ED22E1CF82023009B6454 /* SDSendCodeAPI.m in Sources */ = {isa = PBXBuildFile; fileRef = 066ED21E1CF82023009B6454 /* SDSendCodeAPI.m */; };
		066ED22F1CF82023009B6454 /* SDUpdateProfileAPI.h in Headers */ = {isa = PBXBuildFile; fileRef = 066ED21F1CF82023009B6454 /* SDUpdateProfileAPI.h */; };
		066ED2301CF82023009B6454 /* SDUpdateProfileAPI.m in Sources */ = {isa = PBXBuildFile; fileRef = 066ED2201CF82023009B6454 /* SDUpdateProfileAPI.m */; };
		066ED2311CF82023009B6454 /* SDUploadImageAPI.h in Headers */ = {isa = PBXBuildFile; fileRef = 066ED2211CF82023009B6454 /* SDUploadImageAPI.h */; };
		066ED2321CF82023009B6454 /* SDUploadImageAPI.m in Sources */ = {isa = PBXBuildFile; fileRef = 066ED2221CF82023009B6454 /* SDUploadImageAPI.m */; };
		066ED23D1CF82444009B6454 /* libAFNetworking.a in Frameworks */ = {isa = PBXBuildFile; fileRef = 066ED23A1CF82444009B6454 /* libAFNetworking.a */; };
		066ED23E1CF82444009B6454 /* libCHNetworking.a in Frameworks */ = {isa = PBXBuildFile; fileRef = 066ED23B1CF82444009B6454 /* libCHNetworking.a */; };
		066ED23F1CF82444009B6454 /* libJSONModel.a in Frameworks */ = {isa = PBXBuildFile; fileRef = 066ED23C1CF82444009B6454 /* libJSONModel.a */; };
		C68C9918EFF35261338406E9 /* libPods.a in Frameworks */ = {isa = PBXBuildFile; fileRef = CCC36828F03F4A18979964C1 /* libPods.a */; };
/* End PBXBuildFile section */

/* Begin PBXFileReference section */
		066ED2081CF81FB0009B6454 /* SDBaseRequest.framework */ = {isa = PBXFileReference; explicitFileType = wrapper.framework; includeInIndex = 0; path = SDBaseRequest.framework; sourceTree = BUILT_PRODUCTS_DIR; };
		066ED20B1CF81FB1009B6454 /* SDBaseRequest.h */ = {isa = PBXFileReference; lastKnownFileType = sourcecode.c.h; path = SDBaseRequest.h; sourceTree = "<group>"; };
		066ED20D1CF81FB1009B6454 /* Info.plist */ = {isa = PBXFileReference; lastKnownFileType = text.plist.xml; path = Info.plist; sourceTree = "<group>"; };
		066ED2131CF82023009B6454 /* SDBaseResponse.h */ = {isa = PBXFileReference; fileEncoding = 4; lastKnownFileType = sourcecode.c.h; path = SDBaseResponse.h; sourceTree = "<group>"; };
		066ED2141CF82023009B6454 /* SDBaseResponse.m */ = {isa = PBXFileReference; fileEncoding = 4; lastKnownFileType = sourcecode.c.objc; path = SDBaseResponse.m; sourceTree = "<group>"; };
		066ED2151CF82023009B6454 /* SDForgetPasswordAPI.h */ = {isa = PBXFileReference; fileEncoding = 4; lastKnownFileType = sourcecode.c.h; path = SDForgetPasswordAPI.h; sourceTree = "<group>"; };
		066ED2161CF82023009B6454 /* SDForgetPasswordAPI.m */ = {isa = PBXFileReference; fileEncoding = 4; lastKnownFileType = sourcecode.c.objc; path = SDForgetPasswordAPI.m; sourceTree = "<group>"; };
		066ED2171CF82023009B6454 /* SDLoginAPI.h */ = {isa = PBXFileReference; fileEncoding = 4; lastKnownFileType = sourcecode.c.h; path = SDLoginAPI.h; sourceTree = "<group>"; };
		066ED2181CF82023009B6454 /* SDLoginAPI.m */ = {isa = PBXFileReference; fileEncoding = 4; lastKnownFileType = sourcecode.c.objc; path = SDLoginAPI.m; sourceTree = "<group>"; };
		066ED2191CF82023009B6454 /* SDRegisterAPI.h */ = {isa = PBXFileReference; fileEncoding = 4; lastKnownFileType = sourcecode.c.h; path = SDRegisterAPI.h; sourceTree = "<group>"; };
		066ED21A1CF82023009B6454 /* SDRegisterAPI.m */ = {isa = PBXFileReference; fileEncoding = 4; lastKnownFileType = sourcecode.c.objc; path = SDRegisterAPI.m; sourceTree = "<group>"; };
		066ED21B1CF82023009B6454 /* SDResetPasswordAPI.h */ = {isa = PBXFileReference; fileEncoding = 4; lastKnownFileType = sourcecode.c.h; path = SDResetPasswordAPI.h; sourceTree = "<group>"; };
		066ED21C1CF82023009B6454 /* SDResetPasswordAPI.m */ = {isa = PBXFileReference; fileEncoding = 4; lastKnownFileType = sourcecode.c.objc; path = SDResetPasswordAPI.m; sourceTree = "<group>"; };
		066ED21D1CF82023009B6454 /* SDSendCodeAPI.h */ = {isa = PBXFileReference; fileEncoding = 4; lastKnownFileType = sourcecode.c.h; path = SDSendCodeAPI.h; sourceTree = "<group>"; };
		066ED21E1CF82023009B6454 /* SDSendCodeAPI.m */ = {isa = PBXFileReference; fileEncoding = 4; lastKnownFileType = sourcecode.c.objc; path = SDSendCodeAPI.m; sourceTree = "<group>"; };
		066ED21F1CF82023009B6454 /* SDUpdateProfileAPI.h */ = {isa = PBXFileReference; fileEncoding = 4; lastKnownFileType = sourcecode.c.h; path = SDUpdateProfileAPI.h; sourceTree = "<group>"; };
		066ED2201CF82023009B6454 /* SDUpdateProfileAPI.m */ = {isa = PBXFileReference; fileEncoding = 4; lastKnownFileType = sourcecode.c.objc; path = SDUpdateProfileAPI.m; sourceTree = "<group>"; };
		066ED2211CF82023009B6454 /* SDUploadImageAPI.h */ = {isa = PBXFileReference; fileEncoding = 4; lastKnownFileType = sourcecode.c.h; path = SDUploadImageAPI.h; sourceTree = "<group>"; };
		066ED2221CF82023009B6454 /* SDUploadImageAPI.m */ = {isa = PBXFileReference; fileEncoding = 4; lastKnownFileType = sourcecode.c.objc; path = SDUploadImageAPI.m; sourceTree = "<group>"; };
		066ED23A1CF82444009B6454 /* libAFNetworking.a */ = {isa = PBXFileReference; lastKnownFileType = archive.ar; name = libAFNetworking.a; path = "Pods/../build/Debug-iphoneos/libAFNetworking.a"; sourceTree = "<group>"; };
		066ED23B1CF82444009B6454 /* libCHNetworking.a */ = {isa = PBXFileReference; lastKnownFileType = archive.ar; name = libCHNetworking.a; path = "Pods/../build/Debug-iphoneos/libCHNetworking.a"; sourceTree = "<group>"; };
		066ED23C1CF82444009B6454 /* libJSONModel.a */ = {isa = PBXFileReference; lastKnownFileType = archive.ar; name = libJSONModel.a; path = "Pods/../build/Debug-iphoneos/libJSONModel.a"; sourceTree = "<group>"; };
		74CDD6EBAF6825F1D29BCD9A /* Pods.debug.xcconfig */ = {isa = PBXFileReference; includeInIndex = 1; lastKnownFileType = text.xcconfig; name = Pods.debug.xcconfig; path = "Pods/Target Support Files/Pods/Pods.debug.xcconfig"; sourceTree = "<group>"; };
		C464DB29916048B00BFB5262 /* Pods.release.xcconfig */ = {isa = PBXFileReference; includeInIndex = 1; lastKnownFileType = text.xcconfig; name = Pods.release.xcconfig; path = "Pods/Target Support Files/Pods/Pods.release.xcconfig"; sourceTree = "<group>"; };
		CCC36828F03F4A18979964C1 /* libPods.a */ = {isa = PBXFileReference; explicitFileType = archive.ar; includeInIndex = 0; path = libPods.a; sourceTree = BUILT_PRODUCTS_DIR; };
/* End PBXFileReference section */

/* Begin PBXFrameworksBuildPhase section */
		066ED2041CF81FB0009B6454 /* Frameworks */ = {
			isa = PBXFrameworksBuildPhase;
			buildActionMask = 2147483647;
			files = (
				066ED23D1CF82444009B6454 /* libAFNetworking.a in Frameworks */,
				066ED23E1CF82444009B6454 /* libCHNetworking.a in Frameworks */,
				066ED23F1CF82444009B6454 /* libJSONModel.a in Frameworks */,
				C68C9918EFF35261338406E9 /* libPods.a in Frameworks */,
			);
			runOnlyForDeploymentPostprocessing = 0;
		};
/* End PBXFrameworksBuildPhase section */

/* Begin PBXGroup section */
		066ED1FE1CF81FB0009B6454 = {
			isa = PBXGroup;
			children = (
				066ED20A1CF81FB1009B6454 /* SDBaseRequest */,
				066ED2091CF81FB0009B6454 /* Products */,
				294CC3EB333DA9FF31E10FB2 /* Pods */,
				BD827C98B4FC179DF9419030 /* Frameworks */,
			);
			sourceTree = "<group>";
		};
		066ED2091CF81FB0009B6454 /* Products */ = {
			isa = PBXGroup;
			children = (
				066ED2081CF81FB0009B6454 /* SDBaseRequest.framework */,
			);
			name = Products;
			sourceTree = "<group>";
		};
		066ED20A1CF81FB1009B6454 /* SDBaseRequest */ = {
			isa = PBXGroup;
			children = (
				066ED2131CF82023009B6454 /* SDBaseResponse.h */,
				066ED2141CF82023009B6454 /* SDBaseResponse.m */,
				066ED2151CF82023009B6454 /* SDForgetPasswordAPI.h */,
				066ED2161CF82023009B6454 /* SDForgetPasswordAPI.m */,
				066ED2171CF82023009B6454 /* SDLoginAPI.h */,
				066ED2181CF82023009B6454 /* SDLoginAPI.m */,
				066ED2191CF82023009B6454 /* SDRegisterAPI.h */,
				066ED21A1CF82023009B6454 /* SDRegisterAPI.m */,
				066ED21B1CF82023009B6454 /* SDResetPasswordAPI.h */,
				066ED21C1CF82023009B6454 /* SDResetPasswordAPI.m */,
				066ED21D1CF82023009B6454 /* SDSendCodeAPI.h */,
				066ED21E1CF82023009B6454 /* SDSendCodeAPI.m */,
				066ED21F1CF82023009B6454 /* SDUpdateProfileAPI.h */,
				066ED2201CF82023009B6454 /* SDUpdateProfileAPI.m */,
				066ED2211CF82023009B6454 /* SDUploadImageAPI.h */,
				066ED2221CF82023009B6454 /* SDUploadImageAPI.m */,
				066ED20B1CF81FB1009B6454 /* SDBaseRequest.h */,
				066ED20D1CF81FB1009B6454 /* Info.plist */,
			);
			path = SDBaseRequest;
			sourceTree = "<group>";
		};
		294CC3EB333DA9FF31E10FB2 /* Pods */ = {
			isa = PBXGroup;
			children = (
				74CDD6EBAF6825F1D29BCD9A /* Pods.debug.xcconfig */,
				C464DB29916048B00BFB5262 /* Pods.release.xcconfig */,
			);
			name = Pods;
			sourceTree = "<group>";
		};
		BD827C98B4FC179DF9419030 /* Frameworks */ = {
			isa = PBXGroup;
			children = (
				066ED23A1CF82444009B6454 /* libAFNetworking.a */,
				066ED23B1CF82444009B6454 /* libCHNetworking.a */,
				066ED23C1CF82444009B6454 /* libJSONModel.a */,
				CCC36828F03F4A18979964C1 /* libPods.a */,
			);
			name = Frameworks;
			sourceTree = "<group>";
		};
/* End PBXGroup section */

/* Begin PBXHeadersBuildPhase section */
		066ED2051CF81FB0009B6454 /* Headers */ = {
			isa = PBXHeadersBuildPhase;
			buildActionMask = 2147483647;
			files = (
				066ED2271CF82023009B6454 /* SDLoginAPI.h in Headers */,
				066ED2291CF82023009B6454 /* SDRegisterAPI.h in Headers */,
				066ED20C1CF81FB1009B6454 /* SDBaseRequest.h in Headers */,
				066ED2251CF82023009B6454 /* SDForgetPasswordAPI.h in Headers */,
				066ED2311CF82023009B6454 /* SDUploadImageAPI.h in Headers */,
				066ED2231CF82023009B6454 /* SDBaseResponse.h in Headers */,
				066ED22B1CF82023009B6454 /* SDResetPasswordAPI.h in Headers */,
				066ED22D1CF82023009B6454 /* SDSendCodeAPI.h in Headers */,
				066ED22F1CF82023009B6454 /* SDUpdateProfileAPI.h in Headers */,
			);
			runOnlyForDeploymentPostprocessing = 0;
		};
/* End PBXHeadersBuildPhase section */

/* Begin PBXNativeTarget section */
		066ED2071CF81FB0009B6454 /* SDBaseRequest */ = {
			isa = PBXNativeTarget;
			buildConfigurationList = 066ED2101CF81FB1009B6454 /* Build configuration list for PBXNativeTarget "SDBaseRequest" */;
			buildPhases = (
				D002409B032426A4E4EA23E3 /* Check Pods Manifest.lock */,
				066ED2031CF81FB0009B6454 /* Sources */,
				066ED2041CF81FB0009B6454 /* Frameworks */,
				066ED2051CF81FB0009B6454 /* Headers */,
				066ED2061CF81FB0009B6454 /* Resources */,
				621DE740485931C30080A90C /* Copy Pods Resources */,
			);
			buildRules = (
			);
			dependencies = (
			);
			name = SDBaseRequest;
			productName = SDBaseRequest;
			productReference = 066ED2081CF81FB0009B6454 /* SDBaseRequest.framework */;
			productType = "com.apple.product-type.framework";
		};
/* End PBXNativeTarget section */

/* Begin PBXProject section */
		066ED1FF1CF81FB0009B6454 /* Project object */ = {
			isa = PBXProject;
			attributes = {
				LastUpgradeCheck = 0730;
				ORGANIZATIONNAME = Chausson;
				TargetAttributes = {
					066ED2071CF81FB0009B6454 = {
						CreatedOnToolsVersion = 7.3;
					};
					066ED2331CF82085009B6454 = {
						CreatedOnToolsVersion = 7.3;
					};
				};
			};
			buildConfigurationList = 066ED2021CF81FB0009B6454 /* Build configuration list for PBXProject "SDBaseRequest" */;
			compatibilityVersion = "Xcode 3.2";
			developmentRegion = English;
			hasScannedForEncodings = 0;
			knownRegions = (
				en,
			);
			mainGroup = 066ED1FE1CF81FB0009B6454;
			productRefGroup = 066ED2091CF81FB0009B6454 /* Products */;
			projectDirPath = "";
			projectRoot = "";
			targets = (
				066ED2071CF81FB0009B6454 /* SDBaseRequest */,
				066ED2331CF82085009B6454 /* SDBaseRequestAggregate */,
			);
		};
/* End PBXProject section */

/* Begin PBXResourcesBuildPhase section */
		066ED2061CF81FB0009B6454 /* Resources */ = {
			isa = PBXResourcesBuildPhase;
			buildActionMask = 2147483647;
			files = (
			);
			runOnlyForDeploymentPostprocessing = 0;
		};
/* End PBXResourcesBuildPhase section */

/* Begin PBXShellScriptBuildPhase section */
		066ED2371CF820AC009B6454 /* ShellScript */ = {
			isa = PBXShellScriptBuildPhase;
			buildActionMask = 2147483647;
			files = (
			);
			inputPaths = (
			);
			outputPaths = (
			);
			runOnlyForDeploymentPostprocessing = 0;
			shellPath = /bin/sh;
			shellScript = "# Sets the target folders and the final framework product.\n# 如果工程名称和Framework的Target名称不一样的话，要自定义FMKNAME\n# 例如: FMK_NAME = \"MyFramework\"\nFMK_NAME=${PROJECT_NAME}\n\n# Install dir will be the final output to the framework.\n# The following line create it in the root folder of the current project.\nINSTALL_DIR=${SRCROOT}/Products/${FMK_NAME}.framework\n\n# Working dir will be deleted after the framework creation.\nWRK_DIR=build\nDEVICE_DIR=${WRK_DIR}/Release-iphoneos/${FMK_NAME}.framework\nSIMULATOR_DIR=${WRK_DIR}/Release-iphonesimulator/${FMK_NAME}.framework\n\n# -configuration ${CONFIGURATION}\n# Clean and Building both architectures.\nxcodebuild -configuration \"Release\" -target \"${FMK_NAME}\" -sdk iphoneos -arch armv7 -arch armv7s -arch arm64 clean build\nxcodebuild -configuration \"Release\" -target \"${FMK_NAME}\" -sdk iphonesimulator -arch x86_64 clean build\n\n# Cleaning the oldest.\nif [ -d \"${INSTALL_DIR}\" ]\nthen\nrm -rf \"${INSTALL_DIR}\"\nfi\n\nmkdir -p \"${INSTALL_DIR}\"\n\ncp -R \"${DEVICE_DIR}/\" \"${INSTALL_DIR}/\"\n\n# Uses the Lipo Tool to merge both binary files (i386 + armv6/armv7) into one Universal final product.\nlipo -create \"${DEVICE_DIR}/${FMK_NAME}\" \"${SIMULATOR_DIR}/${FMK_NAME}\" -output \"${INSTALL_DIR}/${FMK_NAME}\"\n\nrm -r \"${WRK_DIR}\"\n\nopen \"${SRCROOT}/Products/\"";
		};
		621DE740485931C30080A90C /* Copy Pods Resources */ = {
			isa = PBXShellScriptBuildPhase;
			buildActionMask = 2147483647;
			files = (
			);
			inputPaths = (
			);
			name = "Copy Pods Resources";
			outputPaths = (
			);
			runOnlyForDeploymentPostprocessing = 0;
			shellPath = /bin/sh;
			shellScript = "\"${SRCROOT}/Pods/Target Support Files/Pods/Pods-resources.sh\"\n";
			showEnvVarsInLog = 0;
		};
		D002409B032426A4E4EA23E3 /* Check Pods Manifest.lock */ = {
			isa = PBXShellScriptBuildPhase;
			buildActionMask = 2147483647;
			files = (
			);
			inputPaths = (
			);
			name = "Check Pods Manifest.lock";
			outputPaths = (
			);
			runOnlyForDeploymentPostprocessing = 0;
			shellPath = /bin/sh;
			shellScript = "diff \"${PODS_ROOT}/../Podfile.lock\" \"${PODS_ROOT}/Manifest.lock\" > /dev/null\nif [[ $? != 0 ]] ; then\n    cat << EOM\nerror: The sandbox is not in sync with the Podfile.lock. Run 'pod install' or update your CocoaPods installation.\nEOM\n    exit 1\nfi\n";
			showEnvVarsInLog = 0;
		};
/* End PBXShellScriptBuildPhase section */

/* Begin PBXSourcesBuildPhase section */
		066ED2031CF81FB0009B6454 /* Sources */ = {
			isa = PBXSourcesBuildPhase;
			buildActionMask = 2147483647;
			files = (
				066ED22A1CF82023009B6454 /* SDRegisterAPI.m in Sources */,
				066ED2241CF82023009B6454 /* SDBaseResponse.m in Sources */,
				066ED22C1CF82023009B6454 /* SDResetPasswordAPI.m in Sources */,
				066ED2281CF82023009B6454 /* SDLoginAPI.m in Sources */,
				066ED22E1CF82023009B6454 /* SDSendCodeAPI.m in Sources */,
				066ED2301CF82023009B6454 /* SDUpdateProfileAPI.m in Sources */,
				066ED2321CF82023009B6454 /* SDUploadImageAPI.m in Sources */,
				066ED2261CF82023009B6454 /* SDForgetPasswordAPI.m in Sources */,
			);
			runOnlyForDeploymentPostprocessing = 0;
		};
/* End PBXSourcesBuildPhase section */

/* Begin XCBuildConfiguration section */
		066ED20E1CF81FB1009B6454 /* Debug */ = {
			isa = XCBuildConfiguration;
			buildSettings = {
				ALWAYS_SEARCH_USER_PATHS = NO;
				CLANG_ANALYZER_NONNULL = YES;
				CLANG_CXX_LANGUAGE_STANDARD = "gnu++0x";
				CLANG_CXX_LIBRARY = "libc++";
				CLANG_ENABLE_MODULES = YES;
				CLANG_ENABLE_OBJC_ARC = YES;
				CLANG_WARN_BOOL_CONVERSION = YES;
				CLANG_WARN_CONSTANT_CONVERSION = YES;
				CLANG_WARN_DIRECT_OBJC_ISA_USAGE = YES_ERROR;
				CLANG_WARN_EMPTY_BODY = YES;
				CLANG_WARN_ENUM_CONVERSION = YES;
				CLANG_WARN_INT_CONVERSION = YES;
				CLANG_WARN_OBJC_ROOT_CLASS = YES_ERROR;
				CLANG_WARN_UNREACHABLE_CODE = YES;
				CLANG_WARN__DUPLICATE_METHOD_MATCH = YES;
				"CODE_SIGN_IDENTITY[sdk=iphoneos*]" = "iPhone Developer";
				COPY_PHASE_STRIP = NO;
				CURRENT_PROJECT_VERSION = 1;
				DEBUG_INFORMATION_FORMAT = dwarf;
				ENABLE_STRICT_OBJC_MSGSEND = YES;
				ENABLE_TESTABILITY = YES;
				GCC_C_LANGUAGE_STANDARD = gnu99;
				GCC_DYNAMIC_NO_PIC = NO;
				GCC_NO_COMMON_BLOCKS = YES;
				GCC_OPTIMIZATION_LEVEL = 0;
				GCC_PREPROCESSOR_DEFINITIONS = (
					"DEBUG=1",
					"$(inherited)",
				);
				GCC_WARN_64_TO_32_BIT_CONVERSION = YES;
				GCC_WARN_ABOUT_RETURN_TYPE = YES_ERROR;
				GCC_WARN_UNDECLARED_SELECTOR = YES;
				GCC_WARN_UNINITIALIZED_AUTOS = YES_AGGRESSIVE;
				GCC_WARN_UNUSED_FUNCTION = YES;
				GCC_WARN_UNUSED_VARIABLE = YES;
				IPHONEOS_DEPLOYMENT_TARGET = 7.0;
				MTL_ENABLE_DEBUG_INFO = YES;
				ONLY_ACTIVE_ARCH = YES;
				SDKROOT = iphoneos;
				TARGETED_DEVICE_FAMILY = "1,2";
				VERSIONING_SYSTEM = "apple-generic";
				VERSION_INFO_PREFIX = "";
			};
			name = Debug;
		};
		066ED20F1CF81FB1009B6454 /* Release */ = {
			isa = XCBuildConfiguration;
			buildSettings = {
				ALWAYS_SEARCH_USER_PATHS = NO;
				CLANG_ANALYZER_NONNULL = YES;
				CLANG_CXX_LANGUAGE_STANDARD = "gnu++0x";
				CLANG_CXX_LIBRARY = "libc++";
				CLANG_ENABLE_MODULES = YES;
				CLANG_ENABLE_OBJC_ARC = YES;
				CLANG_WARN_BOOL_CONVERSION = YES;
				CLANG_WARN_CONSTANT_CONVERSION = YES;
				CLANG_WARN_DIRECT_OBJC_ISA_USAGE = YES_ERROR;
				CLANG_WARN_EMPTY_BODY = YES;
				CLANG_WARN_ENUM_CONVERSION = YES;
				CLANG_WARN_INT_CONVERSION = YES;
				CLANG_WARN_OBJC_ROOT_CLASS = YES_ERROR;
				CLANG_WARN_UNREACHABLE_CODE = YES;
				CLANG_WARN__DUPLICATE_METHOD_MATCH = YES;
				"CODE_SIGN_IDENTITY[sdk=iphoneos*]" = "iPhone Developer";
				COPY_PHASE_STRIP = NO;
				CURRENT_PROJECT_VERSION = 1;
				DEBUG_INFORMATION_FORMAT = "dwarf-with-dsym";
				ENABLE_NS_ASSERTIONS = NO;
				ENABLE_STRICT_OBJC_MSGSEND = YES;
				GCC_C_LANGUAGE_STANDARD = gnu99;
				GCC_NO_COMMON_BLOCKS = YES;
				GCC_WARN_64_TO_32_BIT_CONVERSION = YES;
				GCC_WARN_ABOUT_RETURN_TYPE = YES_ERROR;
				GCC_WARN_UNDECLARED_SELECTOR = YES;
				GCC_WARN_UNINITIALIZED_AUTOS = YES_AGGRESSIVE;
				GCC_WARN_UNUSED_FUNCTION = YES;
				GCC_WARN_UNUSED_VARIABLE = YES;
				IPHONEOS_DEPLOYMENT_TARGET = 7.0;
				MTL_ENABLE_DEBUG_INFO = NO;
				SDKROOT = iphoneos;
				TARGETED_DEVICE_FAMILY = "1,2";
				VALIDATE_PRODUCT = YES;
				VERSIONING_SYSTEM = "apple-generic";
				VERSION_INFO_PREFIX = "";
			};
			name = Release;
		};
		066ED2111CF81FB1009B6454 /* Debug */ = {
			isa = XCBuildConfiguration;
			baseConfigurationReference = 74CDD6EBAF6825F1D29BCD9A /* Pods.debug.xcconfig */;
			buildSettings = {
				DEFINES_MODULE = YES;
				DYLIB_COMPATIBILITY_VERSION = 1;
				DYLIB_CURRENT_VERSION = 1;
				DYLIB_INSTALL_NAME_BASE = "@rpath";
				FRAMEWORK_SEARCH_PATHS = (
					"$(inherited)",
					"$(PROJECT_DIR)/Products",
				);
				INFOPLIST_FILE = SDBaseRequest/Info.plist;
				INSTALL_PATH = "$(LOCAL_LIBRARY_DIR)/Frameworks";
				LD_RUNPATH_SEARCH_PATHS = "$(inherited) @executable_path/Frameworks @loader_path/Frameworks";
				LIBRARY_SEARCH_PATHS = (
					"$(inherited)",
					"$(PROJECT_DIR)/build/Debug-iphoneos",
				);
				MACH_O_TYPE = staticlib;
				PRODUCT_BUNDLE_IDENTIFIER = Chausson.SDBaseRequest;
				PRODUCT_NAME = "$(TARGET_NAME)";
				SKIP_INSTALL = YES;
			};
			name = Debug;
		};
		066ED2121CF81FB1009B6454 /* Release */ = {
			isa = XCBuildConfiguration;
			baseConfigurationReference = C464DB29916048B00BFB5262 /* Pods.release.xcconfig */;
			buildSettings = {
				DEFINES_MODULE = YES;
				DYLIB_COMPATIBILITY_VERSION = 1;
				DYLIB_CURRENT_VERSION = 1;
				DYLIB_INSTALL_NAME_BASE = "@rpath";
				FRAMEWORK_SEARCH_PATHS = (
					"$(inherited)",
					"$(PROJECT_DIR)/Products",
				);
				INFOPLIST_FILE = SDBaseRequest/Info.plist;
				INSTALL_PATH = "$(LOCAL_LIBRARY_DIR)/Frameworks";
				LD_RUNPATH_SEARCH_PATHS = "$(inherited) @executable_path/Frameworks @loader_path/Frameworks";
				LIBRARY_SEARCH_PATHS = (
					"$(inherited)",
					"$(PROJECT_DIR)/build/Debug-iphoneos",
				);
				MACH_O_TYPE = staticlib;
				PRODUCT_BUNDLE_IDENTIFIER = Chausson.SDBaseRequest;
				PRODUCT_NAME = "$(TARGET_NAME)";
				SKIP_INSTALL = YES;
			};
			name = Release;
		};
		066ED2351CF82086009B6454 /* Debug */ = {
			isa = XCBuildConfiguration;
			buildSettings = {
				PRODUCT_NAME = "$(TARGET_NAME)";
			};
			name = Debug;
		};
		066ED2361CF82086009B6454 /* Release */ = {
			isa = XCBuildConfiguration;
			buildSettings = {
				PRODUCT_NAME = "$(TARGET_NAME)";
			};
			name = Release;
		};
/* End XCBuildConfiguration section */

/* Begin XCConfigurationList section */
		066ED2021CF81FB0009B6454 /* Build configuration list for PBXProject "SDBaseRequest" */ = {
			isa = XCConfigurationList;
			buildConfigurations = (
				066ED20E1CF81FB1009B6454 /* Debug */,
				066ED20F1CF81FB1009B6454 /* Release */,
			);
			defaultConfigurationIsVisible = 0;
			defaultConfigurationName = Release;
		};
		066ED2101CF81FB1009B6454 /* Build configuration list for PBXNativeTarget "SDBaseRequest" */ = {
			isa = XCConfigurationList;
			buildConfigurations = (
				066ED2111CF81FB1009B6454 /* Debug */,
				066ED2121CF81FB1009B6454 /* Release */,
			);
			defaultConfigurationIsVisible = 0;
			defaultConfigurationName = Release;
		};
		066ED2341CF82086009B6454 /* Build configuration list for PBXAggregateTarget "SDBaseRequestAggregate" */ = {
			isa = XCConfigurationList;
			buildConfigurations = (
				066ED2351CF82086009B6454 /* Debug */,
				066ED2361CF82086009B6454 /* Release */,
			);
			defaultConfigurationIsVisible = 0;
			defaultConfigurationName = Release;
		};
/* End XCConfigurationList section */
	};
	rootObject = 066ED1FF1CF81FB0009B6454 /* Project object */;
}
